
Microsoft Visual Studio Solution File, Format Version 12.00
# Visual Studio Version 17
VisualStudioVersion = 17.0.31903.59
MinimumVisualStudioVersion = 10.0.40219.1
Project("{FAE04EC0-301F-11D3-BF4B-00C04F79EFBC}") = "FormulaOne.Api", "FormulaOne.Api\FormulaOne.Api.csproj", "{4D310929-553B-4E2B-BEAF-CE398610D634}"
EndProject
Project("{FAE04EC0-301F-11D3-BF4B-00C04F79EFBC}") = "FormulaOne.Entities", "FormulaOne.Entities\FormulaOne.Entities.csproj", "{52174334-D723-4F91-8A69-841007BE4A17}"
EndProject
Project("{FAE04EC0-301F-11D3-BF4B-00C04F79EFBC}") = "FormulaOne.DataService", "FormulaOne.DataService\FormulaOne.DataService.csproj", "{0DF4BCA4-0715-47E9-9085-0AF16AE980FC}"
EndProject
Project("{FAE04EC0-301F-11D3-BF4B-00C04F79EFBC}") = "FormulaOne.Service", "FormulaOne.Service\FormulaOne.Service.csproj", "{AE78FEAD-3558-4962-8978-7DA47B89101D}"
EndProject
Global
	GlobalSection(SolutionConfigurationPlatforms) = preSolution
		Debug|Any CPU = Debug|Any CPU
		Release|Any CPU = Release|Any CPU
	EndGlobalSection
	GlobalSection(SolutionProperties) = preSolution
		HideSolutionNode = FALSE
	EndGlobalSection
	GlobalSection(ProjectConfigurationPlatforms) = postSolution
		{4D310929-553B-4E2B-BEAF-CE398610D634}.Debug|Any CPU.ActiveCfg = Debug|Any CPU
		{4D310929-553B-4E2B-BEAF-CE398610D634}.Debug|Any CPU.Build.0 = Debug|Any CPU
		{4D310929-553B-4E2B-BEAF-CE398610D634}.Release|Any CPU.ActiveCfg = Release|Any CPU
		{4D310929-553B-4E2B-BEAF-CE398610D634}.Release|Any CPU.Build.0 = Release|Any CPU
		{52174334-D723-4F91-8A69-841007BE4A17}.Debug|Any CPU.ActiveCfg = Debug|Any CPU
		{52174334-D723-4F91-8A69-841007BE4A17}.Debug|Any CPU.Build.0 = Debug|Any CPU
		{52174334-D723-4F91-8A69-841007BE4A17}.Release|Any CPU.ActiveCfg = Release|Any CPU
		{52174334-D723-4F91-8A69-841007BE4A17}.Release|Any CPU.Build.0 = Release|Any CPU
		{0DF4BCA4-0715-47E9-9085-0AF16AE980FC}.Debug|Any CPU.ActiveCfg = Debug|Any CPU
		{0DF4BCA4-0715-47E9-9085-0AF16AE980FC}.Debug|Any CPU.Build.0 = Debug|Any CPU
		{0DF4BCA4-0715-47E9-9085-0AF16AE980FC}.Release|Any CPU.ActiveCfg = Release|Any CPU
		{0DF4BCA4-0715-47E9-9085-0AF16AE980FC}.Release|Any CPU.Build.0 = Release|Any CPU
		{AE78FEAD-3558-4962-8978-7DA47B89101D}.Debug|Any CPU.ActiveCfg = Debug|Any CPU
		{AE78FEAD-3558-4962-8978-7DA47B89101D}.Debug|Any CPU.Build.0 = Debug|Any CPU
		{AE78FEAD-3558-4962-8978-7DA47B89101D}.Release|Any CPU.ActiveCfg = Release|Any CPU
		{AE78FEAD-3558-4962-8978-7DA47B89101D}.Release|Any CPU.Build.0 = Release|Any CPU
	EndGlobalSection
EndGlobal
